# Code generated by clearcutt-factory lock. DO NOT EDIT.
apiVersion: factory.clearcutt.dev/v1alpha1
kind: Lock
inputsDigest: sha256:311d499688dd175491579a25208029a04c8e35d8de14485779439f56cb32f8cc
sourceDateEpoch: 1791072000
builder:
  buildkit:
    ref: moby/buildkit:v0.33.1
    digest: sha256:cec9f139f45e93c5c69c60f8b07cfad9f43f4ef6b6a6cd917527fea5ff2e3dea
  frontend:
    ref: docker/dockerfile:1
    digest: sha256:4edf897a3ffa55b89f906fc8cc78afdb3f1834cc9c7083565e611a8a7d5fe99e
  toolbox:
    ref: cgr.dev/chainguard/wolfi-base:latest
    digest: sha256:9c2092b053779e14c82fb50f77b37bcc38b7d2c83972352d5813280f9d035b03
base:
  ref: cgr.dev/chainguard/wolfi-base:latest
  digest: sha256:9c2092b053779e14c82fb50f77b37bcc38b7d2c83972352d5813280f9d035b03
packages:
  manager: apk
  inputsDigest: sha256:baeb89316bc3862f2175b8ab6e45f6a05dbb27e2b54aaf8bed6e0db4b943232d
  repositories:
    - https://apk.cgr.dev/chainguard
  platforms:
    linux/amd64:
      - name: apk-tools
        version: 2.14.10-r17
        arch: x86_64
        checksum: Q1E8t4KtTp/Uwpr20qpzYhUreUy+o=
        origin: apk-tools
        license: GPL-2.0-only
        repo: https://apk.cgr.dev/chainguard
      - name: bash
        version: 5.3-r13
        arch: x86_64
        checksum: Q1XNVunceatLxsucKMhYOziXd7r94=
        origin: bash
        license: GPL-3.0-or-later
        repo: https://apk.cgr.dev/chainguard
      - name: busybox
        version: 1.38.0-r2
        arch: x86_64
        checksum: Q1PmXIS86GRqfGh1s/gJlGy3TuNmE=
        origin: busybox
        license: GPL-2.0-only
        repo: https://apk.cgr.dev/chainguard
      - name: ca-certificates-bundle
        version: 20260909-r2
        arch: x86_64
        checksum: Q1zbsxuUTyaGsjqjVdn2gTRDfZs68=
        origin: ca-certificates
        license: MPL-2.0 AND MIT
        repo: https://apk.cgr.dev/chainguard
      - name: curl
        version: 8.22.0-r4
        arch: x86_64
        checksum: Q1aQJ3dlzjLjSkDTTA/4vv2WSn/s0=
        origin: curl
        license: MIT
        repo: https://apk.cgr.dev/chainguard
      - name: cyrus-sasl-heimdal-libs
        version: 2.1.28-r58
        arch: x86_64
        checksum: Q1DC9Yw4pMVRzfDpC3daQYzbX25Mw=
        origin: cyrus-sasl-heimdal
        license: BSD-3-Clause
        repo: https://apk.cgr.dev/chainguard
      - name: gdbm
        version: 1.26-r6
        arch: x86_64
        checksum: Q19cuktnvqSPwYHquPNeWMOtVGwlg=
        origin: gdbm
        license: GPL-3.0-or-later
        repo: https://apk.cgr.dev/chainguard
      - name: git
        version: 2.56.0-r0
        arch: x86_64
        checksum: Q1c/gXw3ZlWqlTTOszeBVlwRVA+Tw=
        origin: git
        license: GPL-2.0-or-later AND ( Artistic-1.0-Perl OR GPL-1.0-or-later )
        repo: https://apk.cgr.dev/chainguard
      - name: glibc-2.44
        version: 2.44-r7
        arch: x86_64
        checksum: Q1MwMVcN9gtEJEtorXQrydr3BpONw=
        origin: glibc-2.44
        license: LGPL-2.1-or-later
        repo: https://apk.cgr.dev/chainguard
      - name: glibc-2.44-locale-posix
        version: 2.44-r7
        arch: x86_64
        checksum: Q11mhHSaeuBAHCZgYlwhhNSqcD430=
        origin: glibc-2.44
        license: LGPL-2.1-or-later
        repo: https://apk.cgr.dev/chainguard
      - name: heimdal-libs
        version: 7.8.0-r52
        arch: x86_64
        checksum: Q14CulF+8IM4nJLeafxIjPpxcrwtk=
        origin: heimdal
        license: BSD-3-Clause
        repo: https://apk.cgr.dev/chainguard
      - name: jq
        version: 1.8.2-r2
        arch: x86_64
        checksum: Q1nf/zB+Cuwyn+3mGJFM0/9hj+bhE=
        origin: jq
        license: MIT
        repo: https://apk.cgr.dev/chainguard
      - name: keyutils-libs
        version: 1.6.3-r40
        arch: x86_64
        checksum: Q17Ib+Sgj8GeUCqHTq0wsP2X8Qeho=
        origin: keyutils
        license: GPL-2.0-or-later OR LGPL-2.0-or-later
        repo: https://apk.cgr.dev/chainguard
      - name: krb5-conf
        version: 1.0-r10
        arch: x86_64
        checksum: Q1+nzcG33MVDgV7NxwDXA6r0h6j14=
        origin: krb5-conf
        license: MIT
        repo: https://apk.cgr.dev/chainguard
      - name: krb5-libs
        version: 1.22.2-r5
        arch: x86_64
        checksum: Q1gZY9KeWPIWMl4XhKlmOtDt+EYLQ=
        origin: krb5
        license: MIT
        repo: https://apk.cgr.dev/chainguard
      - name: ld-linux-2.44
        version: 2.44-r7
        arch: x86_64
        checksum: Q1Jade1eoagJ639qqXqulAAQLw6kg=
        origin: glibc-2.44
        license: LGPL-2.1-or-later
        repo: https://apk.cgr.dev/chainguard
      - name: libbrotlicommon1
        version: 1.2.0-r5
        arch: x86_64
        checksum: Q1icgzYK/eaiyI3fMivc5yEX96MM0=
        origin: brotli
        license: MIT
        repo: https://apk.cgr.dev/chainguard
      - name: libbrotlidec1
        version: 1.2.0-r5
        arch: x86_64
        checksum: Q1gTMms7l/MTY1Dnuh1jjqSBnpBPw=
        origin: brotli
        license: MIT
        repo: https://apk.cgr.dev/chainguard
      - name: libbrotlienc1
        version: 1.2.0-r5
        arch: x86_64
        checksum: Q1Hg59cAy8AgyswFzw9eUYSpES/oE=
        origin: brotli
        license: MIT
        repo: https://apk.cgr.dev/chainguard
      - name: libcom_err
        version: 1.47.4-r2
        arch: x86_64
        checksum: Q1q87/5ubP7AO2yoLPxwfezzwYa2o=
        origin: e2fsprogs
        license: GPL-2.0-or-later AND LGPL-2.0-or-later AND BSD-3-Clause AND MIT
        repo: https://apk.cgr.dev/chainguard
      - name: libcrypt1-2.44
        version: 2.44-r7
        arch: x86_64
        checksum: Q1gHIuqCP8harfD7HRgbcgtwLK5pQ=
        origin: glibc-2.44
        license: LGPL-2.1-or-later
        repo: https://apk.cgr.dev/chainguard
      - name: libcrypto3
        version: 3.6.5-r1
        arch: x86_64
        checksum: Q10NvKoMig4gA+S0vUe5sGKgnPyNQ=
        origin: openssl
        license: Apache-2.0
        repo: https://apk.cgr.dev/chainguard
      - name: libcurl-openssl4
        version: 8.22.0-r4
        arch: x86_64
        checksum: Q1wzjLvFA57OiEjEOZEEkyNz2SDsA=
        origin: curl
        license: MIT
        repo: https://apk.cgr.dev/chainguard
      - name: libexpat1
        version: 2.8.5-r0
        arch: x86_64
        checksum: Q1ENblxdz9v/S21ko27YObba0KxnQ=
        origin: expat
        license: MIT
        repo: https://apk.cgr.dev/chainguard
      - name: libgcc
        version: 16.2.0-r1
        arch: x86_64
        checksum: Q1krF+IIJj8jk+4D2vdu0yg968QJg=
        origin: gcc
        license: GPL-3.0-or-later WITH GCC-exception-3.1
        repo: https://apk.cgr.dev/chainguard
      - name: libidn2
        version: 2.3.8-r9
        arch: x86_64
        checksum: Q1ynJi29iMu9TbB0e2QAdY9rbASkQ=
        origin: libidn2
        license: GPL-2.0-or-later AND LGPL-3.0-or-later
        repo: https://apk.cgr.dev/chainguard
      - name: libldap
        version: 2.6.10-r5
        arch: x86_64
        checksum: Q1eKBFOIiOFp/taYhzAKnRW9DPYcg=
        origin: openldap
        license: OLDAP-2.8
        repo: https://apk.cgr.dev/chainguard
      - name: libnghttp2-14
        version: 1.70.0-r5
        arch: x86_64
        checksum: Q1SR30zJvr/NgsgUhhwWj5iHVwk9s=
        origin: nghttp2
        license: MIT
        repo: https://apk.cgr.dev/chainguard
      - name: libpcre2-8-0
        version: 10.49-r1
        arch: x86_64
        checksum: Q1E4AUcoiBlrrXlERl3QkBFhs2lMQ=
        origin: pcre2
        license: BSD-3-Clause
        repo: https://apk.cgr.dev/chainguard
      - name: libpsl
        version: 0.23.3-r1
        arch: x86_64
        checksum: Q1S3QSVie4zk/T+lrR7MI9b11QvuY=
        origin: libpsl
        license: MIT
        repo: https://apk.cgr.dev/chainguard
      - name: libssl3
        version: 3.6.5-r1
        arch: x86_64
        checksum: Q1pRjeVUJXVHUHIg6PgzaZxcFFYII=
        origin: openssl
        license: Apache-2.0
        repo: https://apk.cgr.dev/chainguard
      - name: libunistring
        version: 1.4.2-r3
        arch: x86_64
        checksum: Q1VnLE/CEBGrPE9lkOJX/gABvZliI=
        origin: libunistring
        license: GPL-2.0-or-later OR LGPL-3.0-or-later
        repo: https://apk.cgr.dev/chainguard
      - name: libverto
        version: 0.3.2-r8
        arch: x86_64
        checksum: Q1pfE3lj+GSZzzjQRR73pjIKulwXY=
        origin: libverto
        license: MIT
        repo: https://apk.cgr.dev/chainguard
      - name: libxcrypt
        version: 4.5.2-r5
        arch: x86_64
        checksum: Q1TCme4twk1gs5zcxFIyQTpM6AleY=
        origin: libxcrypt
        license: GPL-2.0-or-later AND LGPL-2.1-or-later
        repo: https://apk.cgr.dev/chainguard
      - name: ncurses
        version: 6.6.20260926-r0
        arch: x86_64
        checksum: Q1f859rX2WDqWOR0/kDUikIcL6HKU=
        origin: ncurses
        license: MIT
        repo: https://apk.cgr.dev/chainguard
      - name: ncurses-terminfo-base
        version: 6.6.20260926-r0
        arch: x86_64
        checksum: Q1b+hOKUssNpNtsR7CkfcKVgXgcIU=
        origin: ncurses
        license: MIT
        repo: https://apk.cgr.dev/chainguard
      - name: nghttp3
        version: 1.18.0-r1
        arch: x86_64
        checksum: Q1vRUA9JlgKHJEdBopTzJLUJ3Zaa8=
        origin: nghttp3
        license: MIT
        repo: https://apk.cgr.dev/chainguard
      - name: ngtcp2
        version: 1.25.0-r5
        arch: x86_64
        checksum: Q1Hh7vkmdczpC3oumz0naTz8nLZ0A=
        origin: ngtcp2
        license: MIT
        repo: https://apk.cgr.dev/chainguard
      - name: oniguruma
        version: 6.9.10-r5
        arch: x86_64
        checksum: Q1pOjsFSXbw5VfRdOIYMw1ZF51mtI=
        origin: oniguruma
        license: BSD-2-Clause
        repo: https://apk.cgr.dev/chainguard
      - name: openssl-4.0-libcrypto
        version: 4.0.3-r3
        arch: x86_64
        checksum: Q1b4G1sNKXcxy3Vh2mP3kJ/jZjdYE=
        origin: openssl-4.0
        license: Apache-2.0
        repo: https://apk.cgr.dev/chainguard
      - name: openssl-4.0-libssl
        version: 4.0.3-r3
        arch: x86_64
        checksum: Q1p4V03cwi4QFSuGvtiF1KIQC07NY=
        origin: openssl-4.0
        license: Apache-2.0
        repo: https://apk.cgr.dev/chainguard
      - name: openssl-provider-legacy-allowed
        version: 4.0.2-r3
        arch: x86_64
        checksum: Q1Jm7EJ/sB9CAnojsPDL16ARn8vfM=
        origin: openssl-provider-legacy-allowed
        license: Apache-2.0
        repo: https://apk.cgr.dev/chainguard
      - name: readline
        version: 8.3-r3
        arch: x86_64
        checksum: Q1DpD7gaJW7NfhS6UXgOqJ/d9LlBc=
        origin: readline
        license: GPL-3.0-or-later
        repo: https://apk.cgr.dev/chainguard
      - name: sqlite-libs
        version: 3.53.4-r2
        arch: x86_64
        checksum: Q1NufmZXlTD6YR/ZBMLSN4VCNqvg0=
        origin: sqlite
        license: blessing
        repo: https://apk.cgr.dev/chainguard
      - name: wolfi-base
        version: 1-r7
        arch: x86_64
        checksum: Q16Ctc7TvokDUPOi+0TkHCeSmryh0=
        origin: wolfi-base
        license: MIT
        repo: https://apk.cgr.dev/chainguard
      - name: wolfi-baselayout
        version: 20230201-r30
        arch: x86_64
        checksum: Q1qyFV0NZAQAnaHoGFhRwUQlzoQC0=
        origin: wolfi-baselayout
        license: MIT
        repo: https://apk.cgr.dev/chainguard
      - name: wolfi-keys
        version: 1-r13
        arch: x86_64
        checksum: Q1yen1tKh3ha5KrpU55DnYWyLHOQ0=
        origin: wolfi-keys
        license: MIT
        repo: https://apk.cgr.dev/chainguard
      - name: zlib
        version: 1.3.2.1_rc20260917-r0
        arch: x86_64
        checksum: Q1g9d7hzIr/FDvBI7cawWPmD2a7BA=
        origin: zlib
        license: MPL-2.0 AND MIT
        repo: https://apk.cgr.dev/chainguard
    linux/arm64:
      - name: apk-tools
        version: 2.14.10-r17
        arch: aarch64
        checksum: Q1vIqs9LYJJ8bU8v4G9BTJpQNtxKQ=
        origin: apk-tools
        license: GPL-2.0-only
        repo: https://apk.cgr.dev/chainguard
      - name: bash
        version: 5.3-r13
        arch: aarch64
        checksum: Q1hrdc8lTyGTTKgWDVPXyZ0Ryc1O8=
        origin: bash
        license: GPL-3.0-or-later
        repo: https://apk.cgr.dev/chainguard
      - name: busybox
        version: 1.38.0-r2
        arch: aarch64
        checksum: Q19vDfxgLQG5vl10qMzsN4no556cM=
        origin: busybox
        license: GPL-2.0-only
        repo: https://apk.cgr.dev/chainguard
      - name: ca-certificates-bundle
        version: 20260909-r2
        arch: aarch64
        checksum: Q1pd7MNLZ6Hhu/zDZ7K+4UO3H8o+I=
        origin: ca-certificates
        license: MPL-2.0 AND MIT
        repo: https://apk.cgr.dev/chainguard
      - name: curl
        version: 8.22.0-r4
        arch: aarch64
        checksum: Q1RNVF949bhI4kHashQ3RpsvBT4kk=
        origin: curl
        license: MIT
        repo: https://apk.cgr.dev/chainguard
      - name: cyrus-sasl-heimdal-libs
        version: 2.1.28-r58
        arch: aarch64
        checksum: Q1NOAPW2cQulC8VW9tww3lp1GnV5k=
        origin: cyrus-sasl-heimdal
        license: BSD-3-Clause
        repo: https://apk.cgr.dev/chainguard
      - name: gdbm
        version: 1.26-r6
        arch: aarch64
        checksum: Q1N0X6UaUKWX9YpYLvolNm4Zgr0Kc=
        origin: gdbm
        license: GPL-3.0-or-later
        repo: https://apk.cgr.dev/chainguard
      - name: git
        version: 2.56.0-r0
        arch: aarch64
        checksum: Q1lV/sPjnmRs20W+9YUQGcn8ibY2g=
        origin: git
        license: GPL-2.0-or-later AND ( Artistic-1.0-Perl OR GPL-1.0-or-later )
        repo: https://apk.cgr.dev/chainguard
      - name: glibc-2.44
        version: 2.44-r7
        arch: aarch64
        checksum: Q1U8npOxBwcakHXA8vkO5umoGSDu4=
        origin: glibc-2.44
        license: LGPL-2.1-or-later
        repo: https://apk.cgr.dev/chainguard
      - name: glibc-2.44-locale-posix
        version: 2.44-r7
        arch: aarch64
        checksum: Q1fBwdSyJTh70jMlIH3aZnxr2vlVM=
        origin: glibc-2.44
        license: LGPL-2.1-or-later
        repo: https://apk.cgr.dev/chainguard
      - name: heimdal-libs
        version: 7.8.0-r52
        arch: aarch64
        checksum: Q1C2zkWGuNi8X/SpGNfAv+J4jF5yk=
        origin: heimdal
        license: BSD-3-Clause
        repo: https://apk.cgr.dev/chainguard
      - name: jq
        version: 1.8.2-r2
        arch: aarch64
        checksum: Q1/B+tfO7MdaFfFtttJ0DXHSfEMKE=
        origin: jq
        license: MIT
        repo: https://apk.cgr.dev/chainguard
      - name: keyutils-libs
        version: 1.6.3-r40
        arch: aarch64
        checksum: Q172YL17EDYhm+eqKhx9fQejCm0Ek=
        origin: keyutils
        license: GPL-2.0-or-later OR LGPL-2.0-or-later
        repo: https://apk.cgr.dev/chainguard
      - name: krb5-conf
        version: 1.0-r10
        arch: aarch64
        checksum: Q1VYg7l46TvIrY6GYfhkQ/ghkw7l8=
        origin: krb5-conf
        license: MIT
        repo: https://apk.cgr.dev/chainguard
      - name: krb5-libs
        version: 1.22.2-r5
        arch: aarch64
        checksum: Q15gVCBS8eVVRSoVyXGLW6FTQsk7M=
        origin: krb5
        license: MIT
        repo: https://apk.cgr.dev/chainguard
      - name: ld-linux-2.44
        version: 2.44-r7
        arch: aarch64
        checksum: Q1j6JOLwasaV5QPo5vdcw0hqRhv5s=
        origin: glibc-2.44
        license: LGPL-2.1-or-later
        repo: https://apk.cgr.dev/chainguard
      - name: libbrotlicommon1
        version: 1.2.0-r5
        arch: aarch64
        checksum: Q12VZKAM8jgDB7a9SFwRV1JmLee7M=
        origin: brotli
        license: MIT
        repo: https://apk.cgr.dev/chainguard
      - name: libbrotlidec1
        version: 1.2.0-r5
        arch: aarch64
        checksum: Q1Ka5mRAVSVICIWNlWdjLSXQqPefE=
        origin: brotli
        license: MIT
        repo: https://apk.cgr.dev/chainguard
      - name: libbrotlienc1
        version: 1.2.0-r5
        arch: aarch64
        checksum: Q1ocMgzsmLy56wvEc0FoMAulKJ1mI=
        origin: brotli
        license: MIT
        repo: https://apk.cgr.dev/chainguard
      - name: libcom_err
        version: 1.47.4-r2
        arch: aarch64
        checksum: Q1HV1PcBtYQJJ1g9lBTa/kKGI3CqA=
        origin: e2fsprogs
        license: GPL-2.0-or-later AND LGPL-2.0-or-later AND BSD-3-Clause AND MIT
        repo: https://apk.cgr.dev/chainguard
      - name: libcrypt1-2.44
        version: 2.44-r7
        arch: aarch64
        checksum: Q1xc3IY62B5Xeq1VWwTDBBWDIb/N0=
        origin: glibc-2.44
        license: LGPL-2.1-or-later
        repo: https://apk.cgr.dev/chainguard
      - name: libcrypto3
        version: 3.6.5-r1
        arch: aarch64
        checksum: Q1mjnnJCtgv2WeydSnoyoUqy/T5eI=
        origin: openssl
        license: Apache-2.0
        repo: https://apk.cgr.dev/chainguard
      - name: libcurl-openssl4
        version: 8.22.0-r4
        arch: aarch64
        checksum: Q155Re6v1aXK3i4tqR8EMQbjvrfs8=
        origin: curl
        license: MIT
        repo: https://apk.cgr.dev/chainguard
      - name: libexpat1
        version: 2.8.5-r0
        arch: aarch64
        checksum: Q1Q+Bjcw+x0KCf8KeRxqAnMM7xAeM=
        origin: expat
        license: MIT
        repo: https://apk.cgr.dev/chainguard
      - name: libgcc
        version: 16.2.0-r1
        arch: aarch64
        checksum: Q10B3sunNH1/57hljS+7r1oisdKB8=
        origin: gcc
        license: GPL-3.0-or-later WITH GCC-exception-3.1
        repo: https://apk.cgr.dev/chainguard
      - name: libidn2
        version: 2.3.8-r9
        arch: aarch64
        checksum: Q1/UW7VQerR6TDMSG0apG993AwAns=
        origin: libidn2
        license: GPL-2.0-or-later AND LGPL-3.0-or-later
        repo: https://apk.cgr.dev/chainguard
      - name: libldap
        version: 2.6.10-r5
        arch: aarch64
        checksum: Q140OwOFcYvCxenYeed5V4xfo07v8=
        origin: openldap
        license: OLDAP-2.8
        repo: https://apk.cgr.dev/chainguard
      - name: libnghttp2-14
        version: 1.70.0-r5
        arch: aarch64
        checksum: Q1xbgMSFisur1yAsl5AnYwUgOIR4A=
        origin: nghttp2
        license: MIT
        repo: https://apk.cgr.dev/chainguard
      - name: libpcre2-8-0
        version: 10.49-r1
        arch: aarch64
        checksum: Q1o7nQwmNCEJVyFFSk8YZrtiR70y0=
        origin: pcre2
        license: BSD-3-Clause
        repo: https://apk.cgr.dev/chainguard
      - name: libpsl
        version: 0.23.3-r1
        arch: aarch64
        checksum: Q1FtNP+G8KlHBoE6pYY1TgoyQivIc=
        origin: libpsl
        license: MIT
        repo: https://apk.cgr.dev/chainguard
      - name: libssl3
        version: 3.6.5-r1
        arch: aarch64
        checksum: Q1bemotmJ+SihsAM7jh29q4KjMvm4=
        origin: openssl
        license: Apache-2.0
        repo: https://apk.cgr.dev/chainguard
      - name: libunistring
        version: 1.4.2-r3
        arch: aarch64
        checksum: Q17ifyyNFsE99nNhBPJgRVqgotMlk=
        origin: libunistring
        license: GPL-2.0-or-later OR LGPL-3.0-or-later
        repo: https://apk.cgr.dev/chainguard
      - name: libverto
        version: 0.3.2-r8
        arch: aarch64
        checksum: Q1HF7aG2s3BbTyuEjV3/lgO8OVFGw=
        origin: libverto
        license: MIT
        repo: https://apk.cgr.dev/chainguard
      - name: libxcrypt
        version: 4.5.2-r5
        arch: aarch64
        checksum: Q1r3mdxc03RLPM5NHUoCH+dXT/ZD0=
        origin: libxcrypt
        license: GPL-2.0-or-later AND LGPL-2.1-or-later
        repo: https://apk.cgr.dev/chainguard
      - name: ncurses
        version: 6.6.20260926-r0
        arch: aarch64
        checksum: Q1YvhFRY49/PeSVf2h5pVGz8Vw2cg=
        origin: ncurses
        license: MIT
        repo: https://apk.cgr.dev/chainguard
      - name: ncurses-terminfo-base
        version: 6.6.20260926-r0
        arch: aarch64
        checksum: Q1vEyEze0bLMewoGAzDn4n/606vi8=
        origin: ncurses
        license: MIT
        repo: https://apk.cgr.dev/chainguard
      - name: nghttp3
        version: 1.18.0-r1
        arch: aarch64
        checksum: Q1ywFVX7AjSUUoAZUDxHmHKWOmdHk=
        origin: nghttp3
        license: MIT
        repo: https://apk.cgr.dev/chainguard
      - name: ngtcp2
        version: 1.25.0-r5
        arch: aarch64
        checksum: Q1ZBamq3sSW8Mc3fGd9eDCz9AX30o=
        origin: ngtcp2
        license: MIT
        repo: https://apk.cgr.dev/chainguard
      - name: oniguruma
        version: 6.9.10-r5
        arch: aarch64
        checksum: Q1pT50DffBVWhwogYqq+VJb0mXIzI=
        origin: oniguruma
        license: BSD-2-Clause
        repo: https://apk.cgr.dev/chainguard
      - name: openssl-4.0-libcrypto
        version: 4.0.3-r3
        arch: aarch64
        checksum: Q1mZ3eZCYZN+iPg5jS2cyoMZnnboI=
        origin: openssl-4.0
        license: Apache-2.0
        repo: https://apk.cgr.dev/chainguard
      - name: openssl-4.0-libssl
        version: 4.0.3-r3
        arch: aarch64
        checksum: Q1Lpr/CZSQx7wrHb5jw9y+V8P4zA4=
        origin: openssl-4.0
        license: Apache-2.0
        repo: https://apk.cgr.dev/chainguard
      - name: openssl-provider-legacy-allowed
        version: 4.0.2-r3
        arch: aarch64
        checksum: Q1AqcaI4nZi8Tze6exu6bWqaoujQg=
        origin: openssl-provider-legacy-allowed
        license: Apache-2.0
        repo: https://apk.cgr.dev/chainguard
      - name: readline
        version: 8.3-r3
        arch: aarch64
        checksum: Q1BmEgSRVEbSo6hg0gmugFfZRxwFw=
        origin: readline
        license: GPL-3.0-or-later
        repo: https://apk.cgr.dev/chainguard
      - name: sqlite-libs
        version: 3.53.4-r2
        arch: aarch64
        checksum: Q1zSOH3KuyuB1DDaUE3ltIplt89fg=
        origin: sqlite
        license: blessing
        repo: https://apk.cgr.dev/chainguard
      - name: wolfi-base
        version: 1-r7
        arch: aarch64
        checksum: Q1+0E0UlaxkLWVTbmu8bjwYXhbZjo=
        origin: wolfi-base
        license: MIT
        repo: https://apk.cgr.dev/chainguard
      - name: wolfi-baselayout
        version: 20230201-r30
        arch: aarch64
        checksum: Q1aF/6XzN/J9leZvrqW26UuNZ1IXw=
        origin: wolfi-baselayout
        license: MIT
        repo: https://apk.cgr.dev/chainguard
      - name: wolfi-keys
        version: 1-r13
        arch: aarch64
        checksum: Q1MfuXifUsiF7Gi6pYnIuTfJM+2tk=
        origin: wolfi-keys
        license: MIT
        repo: https://apk.cgr.dev/chainguard
      - name: zlib
        version: 1.3.2.1_rc20260917-r0
        arch: aarch64
        checksum: Q1yIbOKKJrEHmfQUEvp8haQHhn8Rc=
        origin: zlib
        license: MPL-2.0 AND MIT
        repo: https://apk.cgr.dev/chainguard
tools:
  - name: kubectl
    from: url
    version: 1.37.1
    verification: checksum-file
    specDigest: sha256:22be80dfc386ec2054dcae5f5d23711a8f76b109c72632010f01d0de3824ed8e
    artifacts:
      linux/amd64:
        url: https://dl.k8s.io/release/v1.37.1/bin/linux/amd64/kubectl
        sha256: 65691ff77eb6fa44c908b77a1082c9f092c3b9733b5cefabec0d1104890e21a8
      linux/arm64:
        url: https://dl.k8s.io/release/v1.37.1/bin/linux/arm64/kubectl
        sha256: ff749f4b78d9c4f1ec87307df9b50119ed819e2094aa9810cb9acffc3286c8c7
  - name: helm
    from: url
    version: 4.3.0
    verification: checksum-file
    specDigest: sha256:b0b2c25e6c578aef103e45679c25b1265e8e83f437b2eba721982aab5f4d7c83
    artifacts:
      linux/amd64:
        url: https://get.helm.sh/helm-v4.3.0-linux-amd64.tar.gz
        sha256: 86584a54def73570558f66f5111cc53dfed56689637ae32c1201205d494f54fb
        extract: linux-amd64/helm
      linux/arm64:
        url: https://get.helm.sh/helm-v4.3.0-linux-arm64.tar.gz
        sha256: 31c5794dd55c66a51e6b7d2e2ac7a114ae8b1de41ff1d9ba51748ac973b06a08
        extract: linux-arm64/helm
  - name: gh
    from: github-release
    version: 2.102.0
    verification: checksum-file
    specDigest: sha256:b9e02577fb702b3aa4ae434a9a3e13c222c51c5716eda113c81a48db2c5c9f5f
    artifacts:
      linux/amd64:
        url: https://github.com/cli/cli/releases/download/v2.102.0/gh_2.102.0_linux_amd64.tar.gz
        sha256: bb766f710eef8ede859c18578c72c327597cd4c8a85b06001b1f3843c6019386
        extract: gh_2.102.0_linux_amd64/bin/gh
      linux/arm64:
        url: https://github.com/cli/cli/releases/download/v2.102.0/gh_2.102.0_linux_arm64.tar.gz
        sha256: 7862c86c72f43df3a2d93ddde6f473285b4e2af61b494849846827e513ef6484
        extract: gh_2.102.0_linux_arm64/bin/gh
    repo: cli/cli
  - name: cosign
    from: github-release
    version: 3.1.3
    verification: github-asset-digest
    specDigest: sha256:bff4e2dfc053ab8d45590f5d678f81b2566a14c63c87d8e99452df62572cff97
    artifacts:
      linux/amd64:
        url: https://github.com/sigstore/cosign/releases/download/v3.1.3/cosign-linux-amd64
        sha256: 4629c757b7618056f8ddd7e2625ae9fdd94c0372a65049520bc7d9df9efc7f71
      linux/arm64:
        url: https://github.com/sigstore/cosign/releases/download/v3.1.3/cosign-linux-arm64
        sha256: c5d324e091826b0d7a78eb16fef316450b4eb9aaec045611c08ba06f5e73220a
    repo: sigstore/cosign
  - name: crane
    from: oci
    verification: image-digest
    specDigest: sha256:234ec637111776cd7015616646e3c78eae2ceb88db1a27e2faccc6fdc90f2208
    image:
      ref: gcr.io/go-containerregistry/crane:latest
      digest: sha256:1f968817b95790bed063f71175aa6b8ff879fa17064020415f3e18bb6e6a36e1
  - name: yq
    from: go
    version: v4.54.1
    verification: go-sumdb
    specDigest: sha256:3895a11cc8cf3bded2dcd669b2f5bc73063fe877910ee30cbe981b675db51b6f
    image:
      ref: golang:1
      digest: sha256:e0174e51e81218523251d85d248a90d24c3d5e81543b4f07a5d66229397db190
    package: github.com/mikefarah/yq/v4
