# Code generated by factory lock. DO NOT EDIT.
apiVersion: factory.dev/v1alpha1
kind: Lock
inputsDigest: sha256:5d39274286ae5f94371d9cc4890a98c32155a212e2a65d0a7c80cc6c076c524e
sourceDateEpoch: 1790985600
builder:
  buildkit:
    ref: moby/buildkit:v0.33.1
    digest: sha256:cec9f139f45e93c5c69c60f8b07cfad9f43f4ef6b6a6cd917527fea5ff2e3dea
  frontend:
    ref: docker/dockerfile:1
    digest: sha256:4edf897a3ffa55b89f906fc8cc78afdb3f1834cc9c7083565e611a8a7d5fe99e
  toolbox:
    ref: cgr.dev/chainguard/wolfi-base:latest
    digest: sha256:9c2092b053779e14c82fb50f77b37bcc38b7d2c83972352d5813280f9d035b03
base:
  ref: cgr.dev/chainguard/static:latest
  digest: sha256:fe55470f22d3259488d9d3739168d8f04da67755f0b69382bc26eda4a7d3d327
app:
  stack: go
  stackDigest: sha256:110bdcef37b8ad3a8c9f2cc1cbc199fde5549510d6e8fbea131f30462986514b
  build:
    ref: golang:1
    digest: sha256:e0174e51e81218523251d85d248a90d24c3d5e81543b4f07a5d66229397db190
  runPlatforms:
    linux/amd64: sha256:a40219f3b0c2719e4e4220310e80a2230a4b95881644292c130e3a8e8287fc6c
    linux/arm64: sha256:daed076c904e5dc26f5ff87d77aa4cea8b7ca76e906b561915dafe5b086377dc
